
Microsoft Visual Studio Solution File, Format Version 12.00
# Visual Studio 2017
Project("{FAE04EC0-301F-11D3-BF4B-00C04F79EFBC}") = "VRLS_UI_mic", "VRLS_UI_mic.csproj", "{53C4232D-2439-21EF-8B76-06C0D49FBB5E}"
EndProject
Global
	GlobalSection(SolutionConfigurationPlatforms) = preSolution
		Debug|Any CPU = Debug|Any CPU
		Release|Any CPU = Release|Any CPU
	EndGlobalSection
	GlobalSection(ProjectConfigurationPlatforms) = postSolution
		{53C4232D-2439-21EF-8B76-06C0D49FBB5E}.Debug|Any CPU.ActiveCfg = Debug|Any CPU
		{53C4232D-2439-21EF-8B76-06C0D49FBB5E}.Debug|Any CPU.Build.0 = Debug|Any CPU
		{53C4232D-2439-21EF-8B76-06C0D49FBB5E}.Release|Any CPU.ActiveCfg = Release|Any CPU
		{53C4232D-2439-21EF-8B76-06C0D49FBB5E}.Release|Any CPU.Build.0 = Release|Any CPU
	EndGlobalSection
	GlobalSection(SolutionProperties) = preSolution
		HideSolutionNode = FALSE
	EndGlobalSection
EndGlobal
