
Microsoft Visual Studio Solution File, Format Version 12.00
# Visual Studio 15
Project("{FAE04EC0-301F-11D3-BF4B-00C04F79EFBC}") = "VRLS_UI_Instrument", "VRLS_UI_Instrument.csproj", "{14420B66-D4E0-C6E9-B0D8-F5C6F8535E00}"
EndProject
Global
	GlobalSection(SolutionConfigurationPlatforms) = preSolution
		Debug|Any CPU = Debug|Any CPU
		Release|Any CPU = Release|Any CPU
	EndGlobalSection
	GlobalSection(ProjectConfigurationPlatforms) = postSolution
		{14420B66-D4E0-C6E9-B0D8-F5C6F8535E00}.Debug|Any CPU.ActiveCfg = Debug|Any CPU
		{14420B66-D4E0-C6E9-B0D8-F5C6F8535E00}.Debug|Any CPU.Build.0 = Debug|Any CPU
		{14420B66-D4E0-C6E9-B0D8-F5C6F8535E00}.Release|Any CPU.ActiveCfg = Release|Any CPU
		{14420B66-D4E0-C6E9-B0D8-F5C6F8535E00}.Release|Any CPU.Build.0 = Release|Any CPU
	EndGlobalSection
	GlobalSection(SolutionProperties) = preSolution
		HideSolutionNode = FALSE
	EndGlobalSection
EndGlobal
